
Microsoft Visual Studio Solution File, Format Version 12.00
# Visual Studio Version 16
VisualStudioVersion = 16.0.31702.278
MinimumVisualStudioVersion = 10.0.40219.1
Project("{FAE04EC0-301F-11D3-BF4B-00C04F79EFBC}") = "CoverterApplication", "CoverterApplication\CoverterApplication.csproj", "{5DDF38D8-E4AE-4ABD-A2B7-67CE23B2474E}"
EndProject
Global
	GlobalSection(SolutionConfigurationPlatforms) = preSolution
		Debug|Any CPU = Debug|Any CPU
		Release|Any CPU = Release|Any CPU
	EndGlobalSection
	GlobalSection(ProjectConfigurationPlatforms) = postSolution
		{5DDF38D8-E4AE-4ABD-A2B7-67CE23B2474E}.Debug|Any CPU.ActiveCfg = Debug|Any CPU
		{5DDF38D8-E4AE-4ABD-A2B7-67CE23B2474E}.Debug|Any CPU.Build.0 = Debug|Any CPU
		{5DDF38D8-E4AE-4ABD-A2B7-67CE23B2474E}.Release|Any CPU.ActiveCfg = Release|Any CPU
		{5DDF38D8-E4AE-4ABD-A2B7-67CE23B2474E}.Release|Any CPU.Build.0 = Release|Any CPU
	EndGlobalSection
	GlobalSection(SolutionProperties) = preSolution
		HideSolutionNode = FALSE
	EndGlobalSection
	GlobalSection(ExtensibilityGlobals) = postSolution
		SolutionGuid = {B3CF574C-DDC7-4D81-9727-029FCA107B0F}
	EndGlobalSection
EndGlobal
